Microsoft Visual Studio Solution File, Format Version 12.00
# Visual Studio Version 16
VisualStudioVersion = 16.0.29509.3
MinimumVisualStudioVersion = 10.0.40219.1
Project("{D954291E-2A0B-460D-934E-DC6B0785DB48}") = "GameJam", "GameJam\GameJam.shproj", "{1295C273-6C15-4DF3-9875-3BD26D4FF774}"
EndProject
Project("{FAE04EC0-301F-11D3-BF4B-00C04F79EFBC}") = "GameJam.Desktop", "GameJam.Desktop\GameJam.Desktop.csproj", "{39F2BE48-D216-4B62-BE97-AF0368500692}"
	ProjectSection(ProjectDependencies) = postProject
		{B160A6B3-ED42-40E7-B9BF-A994B2C23984} = {B160A6B3-ED42-40E7-B9BF-A994B2C23984}
	EndProjectSection
EndProject
Project("{D954291E-2A0B-460D-934E-DC6B0785DB48}") = "Audrey", "Audrey\Audrey.shproj", "{089DA567-ADD4-4C73-AEBB-6126442BD5F1}"
EndProject
Project("{D954291E-2A0B-460D-934E-DC6B0785DB48}") = "Events", "Events\Events.shproj", "{9EBEE4BA-CE43-46C2-A8C7-240345F599D8}"
EndProject
Project("{FAE04EC0-301F-11D3-BF4B-00C04F79EFBC}") = "Adrift.Content.Pipeline", "Adrift.Content.Pipeline\Adrift.Content.Pipeline.csproj", "{B160A6B3-ED42-40E7-B9BF-A994B2C23984}"
EndProject
Project("{FAE04EC0-301F-11D3-BF4B-00C04F79EFBC}") = "MSDFFonts", "MSDFFonts\MSDFFonts.csproj", "{2355C924-25F9-499B-B7A0-593BE3A32FA3}"
EndProject
Project("{D954291E-2A0B-460D-934E-DC6B0785DB48}") = "Adrift.Content.Common", "Adrift.Content.Common\Adrift.Content.Common.shproj", "{A3664560-EB77-40FB-92A1-7F9F80842738}"
EndProject
Global
	GlobalSection(SharedMSBuildProjectFiles) = preSolution
		Audrey\Audrey.projitems*{089da567-add4-4c73-aebb-6126442bd5f1}*SharedItemsImports = 13
		GameJam\GameJam.projitems*{1295c273-6c15-4df3-9875-3bd26d4ff774}*SharedItemsImports = 13
		Audrey\Audrey.projitems*{39f2be48-d216-4b62-be97-af0368500692}*SharedItemsImports = 4
		Events\Events.projitems*{39f2be48-d216-4b62-be97-af0368500692}*SharedItemsImports = 4
		GameJam\GameJam.projitems*{39f2be48-d216-4b62-be97-af0368500692}*SharedItemsImports = 4
		Events\Events.projitems*{9ebee4ba-ce43-46c2-a8c7-240345f599d8}*SharedItemsImports = 13
	EndGlobalSection
	GlobalSection(SolutionConfigurationPlatforms) = preSolution
		Debug|Any CPU = Debug|Any CPU
		Release|Any CPU = Release|Any CPU
	EndGlobalSection
	GlobalSection(ProjectConfigurationPlatforms) = postSolution
		{39F2BE48-D216-4B62-BE97-AF0368500692}.Debug|Any CPU.ActiveCfg = Debug|Any CPU
		{39F2BE48-D216-4B62-BE97-AF0368500692}.Debug|Any CPU.Build.0 = Debug|Any CPU
		{39F2BE48-D216-4B62-BE97-AF0368500692}.Release|Any CPU.ActiveCfg = Release|Any CPU
		{39F2BE48-D216-4B62-BE97-AF0368500692}.Release|Any CPU.Build.0 = Release|Any CPU
		{B160A6B3-ED42-40E7-B9BF-A994B2C23984}.Debug|Any CPU.ActiveCfg = Debug|Any CPU
		{B160A6B3-ED42-40E7-B9BF-A994B2C23984}.Debug|Any CPU.Build.0 = Debug|Any CPU
		{B160A6B3-ED42-40E7-B9BF-A994B2C23984}.Release|Any CPU.ActiveCfg = Release|Any CPU
		{B160A6B3-ED42-40E7-B9BF-A994B2C23984}.Release|Any CPU.Build.0 = Release|Any CPU
		{2355C924-25F9-499B-B7A0-593BE3A32FA3}.Debug|Any CPU.ActiveCfg = Debug|Any CPU
		{2355C924-25F9-499B-B7A0-593BE3A32FA3}.Debug|Any CPU.Build.0 = Debug|Any CPU
		{2355C924-25F9-499B-B7A0-593BE3A32FA3}.Release|Any CPU.ActiveCfg = Release|Any CPU
		{2355C924-25F9-499B-B7A0-593BE3A32FA3}.Release|Any CPU.Build.0 = Release|Any CPU
	EndGlobalSection
	GlobalSection(SolutionProperties) = preSolution
		HideSolutionNode = FALSE
	EndGlobalSection
	GlobalSection(ExtensibilityGlobals) = postSolution
		SolutionGuid = {342A242D-1188-4489-B0F7-CD84F24AAD28}
	EndGlobalSection
EndGlobal
