
Microsoft Visual Studio Solution File, Format Version 12.00
# Visual Studio 15
Project("{FAE04EC0-301F-11D3-BF4B-00C04F79EFBC}") = "MSDFFonts", "MSDFFonts.csproj", "{2355C924-25F9-499B-B7A0-593BE3A32FA3}"
EndProject
Global
	GlobalSection(SolutionConfigurationPlatforms) = preSolution
		Debug|Any CPU = Debug|Any CPU
		Release|Any CPU = Release|Any CPU
	EndGlobalSection
	GlobalSection(ProjectConfigurationPlatforms) = postSolution
		{2355C924-25F9-499B-B7A0-593BE3A32FA3}.Debug|Any CPU.ActiveCfg = Debug|Any CPU
		{2355C924-25F9-499B-B7A0-593BE3A32FA3}.Debug|Any CPU.Build.0 = Debug|Any CPU
		{2355C924-25F9-499B-B7A0-593BE3A32FA3}.Release|Any CPU.ActiveCfg = Release|Any CPU
		{2355C924-25F9-499B-B7A0-593BE3A32FA3}.Release|Any CPU.Build.0 = Release|Any CPU
	EndGlobalSection
EndGlobal
